
Microsoft Visual Studio Solution File, Format Version 12.00
# Visual Studio Version 17
VisualStudioVersion = 17.4.33110.190
MinimumVisualStudioVersion = 10.0.40219.1
Project("{9A19103F-16F7-4668-BE54-9A1E7A4F7556}") = "AoC2022", "AoC2022\AoC2022.csproj", "{4440CD89-45DE-4DD0-832E-8F322E48B45F}"
EndProject
Project("{9A19103F-16F7-4668-BE54-9A1E7A4F7556}") = "AoC2021", "AoC2021\AoC2021.csproj", "{BE38202A-7595-4EF2-863C-49AB91F4840E}"
EndProject
Global
	GlobalSection(SolutionConfigurationPlatforms) = preSolution
		Debug|Any CPU = Debug|Any CPU
		Release|Any CPU = Release|Any CPU
	EndGlobalSection
	GlobalSection(ProjectConfigurationPlatforms) = postSolution
		{4440CD89-45DE-4DD0-832E-8F322E48B45F}.Debug|Any CPU.ActiveCfg = Debug|Any CPU
		{4440CD89-45DE-4DD0-832E-8F322E48B45F}.Debug|Any CPU.Build.0 = Debug|Any CPU
		{4440CD89-45DE-4DD0-832E-8F322E48B45F}.Release|Any CPU.ActiveCfg = Release|Any CPU
		{4440CD89-45DE-4DD0-832E-8F322E48B45F}.Release|Any CPU.Build.0 = Release|Any CPU
		{BE38202A-7595-4EF2-863C-49AB91F4840E}.Debug|Any CPU.ActiveCfg = Debug|Any CPU
		{BE38202A-7595-4EF2-863C-49AB91F4840E}.Debug|Any CPU.Build.0 = Debug|Any CPU
		{BE38202A-7595-4EF2-863C-49AB91F4840E}.Release|Any CPU.ActiveCfg = Release|Any CPU
		{BE38202A-7595-4EF2-863C-49AB91F4840E}.Release|Any CPU.Build.0 = Release|Any CPU
	EndGlobalSection
	GlobalSection(SolutionProperties) = preSolution
		HideSolutionNode = FALSE
	EndGlobalSection
	GlobalSection(ExtensibilityGlobals) = postSolution
		SolutionGuid = {33B4C7D7-7C39-4F34-8659-FE927673B0DF}
	EndGlobalSection
EndGlobal
